
Microsoft Visual Studio Solution File, Format Version 12.00
Project("{FAE04EC0-301F-11D3-BF4B-00C04F79EFBC}") = "FoolAp", "FoolAp\FoolAp.csproj", "{78E4996A-8B8B-4CE4-9816-DCA8A8C910FF}"
EndProject
Global
	GlobalSection(SolutionConfigurationPlatforms) = preSolution
		Debug|Any CPU = Debug|Any CPU
		Release|Any CPU = Release|Any CPU
	EndGlobalSection
	GlobalSection(ProjectConfigurationPlatforms) = postSolution
		{78E4996A-8B8B-4CE4-9816-DCA8A8C910FF}.Debug|Any CPU.ActiveCfg = Debug|Any CPU
		{78E4996A-8B8B-4CE4-9816-DCA8A8C910FF}.Debug|Any CPU.Build.0 = Debug|Any CPU
		{78E4996A-8B8B-4CE4-9816-DCA8A8C910FF}.Release|Any CPU.ActiveCfg = Release|Any CPU
		{78E4996A-8B8B-4CE4-9816-DCA8A8C910FF}.Release|Any CPU.Build.0 = Release|Any CPU
	EndGlobalSection
EndGlobal
